// !$*UTF8*$!
{
	archiveVersion = 1;
	classes = {
	};
	objectVersion = 51;
	objects = {

/* Begin PBXBuildFile section */
		268BAD4BC513443D9A4EB1D6 /* Pods_Medec.framework in Frameworks */ = {isa = PBXBuildFile; fileRef = 4381A7392796B6E000491D83 /* Pods_Medec.framework */; };
		9322212923A03B9B00B72AE7 /* SelectionLocationTableViewCell.swift in Sources */ = {isa = PBXBuildFile; fileRef = 9322212823A03B9B00B72AE7 /* SelectionLocationTableViewCell.swift */; };
		9322212E23A05EC400B72AE7 /* GoogleService-Info.plist in Resources */ = {isa = PBXBuildFile; fileRef = 9322212D23A05EC400B72AE7 /* GoogleService-Info.plist */; };
		935337FE239D1F60003463FF /* SelectLocationViewController.swift in Sources */ = {isa = PBXBuildFile; fileRef = 935337FD239D1F60003463FF /* SelectLocationViewController.swift */; };
		93533800239D24ED003463FF /* UIView.swift in Sources */ = {isa = PBXBuildFile; fileRef = 935337FF239D24ED003463FF /* UIView.swift */; };
		9359C15B239BCFAC00974DA8 /* OTPEntryConfigurator.swift in Sources */ = {isa = PBXBuildFile; fileRef = 9359C15A239BCFAC00974DA8 /* OTPEntryConfigurator.swift */; };
		9359C15D239BD89600974DA8 /* OTPEntryRouter.swift in Sources */ = {isa = PBXBuildFile; fileRef = 9359C15C239BD89600974DA8 /* OTPEntryRouter.swift */; };
		9359C15F239BD8D300974DA8 /* OTPEntryPresenter.swift in Sources */ = {isa = PBXBuildFile; fileRef = 9359C15E239BD8D300974DA8 /* OTPEntryPresenter.swift */; };
		9359C161239BD90F00974DA8 /* OTPEntryInteractor.swift in Sources */ = {isa = PBXBuildFile; fileRef = 9359C160239BD90F00974DA8 /* OTPEntryInteractor.swift */; };
		9359C164239BDDD600974DA8 /* WalkThroughViewController.swift in Sources */ = {isa = PBXBuildFile; fileRef = 9359C163239BDDD600974DA8 /* WalkThroughViewController.swift */; };
		93711DC7239990500078263D /* OTPEntryViewController.swift in Sources */ = {isa = PBXBuildFile; fileRef = 93711DC6239990500078263D /* OTPEntryViewController.swift */; };
		93723B67239C3BF1005F310B /* OTPCodeViewController.swift in Sources */ = {isa = PBXBuildFile; fileRef = 93723B66239C3BF1005F310B /* OTPCodeViewController.swift */; };
		937ABA562399663B00B6809A /* Gilroy-Regular.ttf in Resources */ = {isa = PBXBuildFile; fileRef = 937ABA512399663900B6809A /* Gilroy-Regular.ttf */; };
		937ABA572399663B00B6809A /* Gilroy-Light.ttf in Resources */ = {isa = PBXBuildFile; fileRef = 937ABA522399663900B6809A /* Gilroy-Light.ttf */; };
		937ABA582399663B00B6809A /* Gilroy-Medium.ttf in Resources */ = {isa = PBXBuildFile; fileRef = 937ABA532399663A00B6809A /* Gilroy-Medium.ttf */; };
		937ABA592399663B00B6809A /* Gilroy-Bold.ttf in Resources */ = {isa = PBXBuildFile; fileRef = 937ABA542399663A00B6809A /* Gilroy-Bold.ttf */; };
		937ABA5A2399663B00B6809A /* Gilroy-Heavy.ttf in Resources */ = {isa = PBXBuildFile; fileRef = 937ABA552399663B00B6809A /* Gilroy-Heavy.ttf */; };
		937ABA5C2399865600B6809A /* OTPConfigurator.swift in Sources */ = {isa = PBXBuildFile; fileRef = 937ABA5B2399865600B6809A /* OTPConfigurator.swift */; };
		937ABA5E2399873300B6809A /* OTPInteractor.swift in Sources */ = {isa = PBXBuildFile; fileRef = 937ABA5D2399873300B6809A /* OTPInteractor.swift */; };
		937ABA602399878000B6809A /* OTPRouter.swift in Sources */ = {isa = PBXBuildFile; fileRef = 937ABA5F2399878000B6809A /* OTPRouter.swift */; };
		937ABA62239987E100B6809A /* OTPPresenter.swift in Sources */ = {isa = PBXBuildFile; fileRef = 937ABA61239987E100B6809A /* OTPPresenter.swift */; };
		93F881F22368DC6B00E042E9 /* AppDelegate.swift in Sources */ = {isa = PBXBuildFile; fileRef = 93F881F12368DC6B00E042E9 /* AppDelegate.swift */; };
		93F881F42368DC6B00E042E9 /* SceneDelegate.swift in Sources */ = {isa = PBXBuildFile; fileRef = 93F881F32368DC6B00E042E9 /* SceneDelegate.swift */; };
		93F881F62368DC6B00E042E9 /* ViewController.swift in Sources */ = {isa = PBXBuildFile; fileRef = 93F881F52368DC6B00E042E9 /* ViewController.swift */; };
		93F881F92368DC6B00E042E9 /* Main.storyboard in Resources */ = {isa = PBXBuildFile; fileRef = 93F881F72368DC6B00E042E9 /* Main.storyboard */; };
		93F881FB2368DC6C00E042E9 /* Assets.xcassets in Resources */ = {isa = PBXBuildFile; fileRef = 93F881FA2368DC6C00E042E9 /* Assets.xcassets */; };
		93F881FE2368DC6C00E042E9 /* LaunchScreen.storyboard in Resources */ = {isa = PBXBuildFile; fileRef = 93F881FC2368DC6C00E042E9 /* LaunchScreen.storyboard */; };
		93F882062368DCE500E042E9 /* Constants.swift in Sources */ = {isa = PBXBuildFile; fileRef = 93F882052368DCE500E042E9 /* Constants.swift */; };
		93F882082368DD1600E042E9 /* Storyboard.swift in Sources */ = {isa = PBXBuildFile; fileRef = 93F882072368DD1600E042E9 /* Storyboard.swift */; };
		93F882272368E13900E042E9 /* Poppins-SemiBold.ttf in Resources */ = {isa = PBXBuildFile; fileRef = 93F882152368E13800E042E9 /* Poppins-SemiBold.ttf */; };
		93F882282368E13900E042E9 /* Poppins-Black.ttf in Resources */ = {isa = PBXBuildFile; fileRef = 93F882162368E13800E042E9 /* Poppins-Black.ttf */; };
		93F882292368E13900E042E9 /* Poppins-ExtraBoldItalic.ttf in Resources */ = {isa = PBXBuildFile; fileRef = 93F882172368E13800E042E9 /* Poppins-ExtraBoldItalic.ttf */; };
		93F8822A2368E13900E042E9 /* Poppins-Bold.ttf in Resources */ = {isa = PBXBuildFile; fileRef = 93F882182368E13800E042E9 /* Poppins-Bold.ttf */; };
		93F8822B2368E13900E042E9 /* Poppins-Regular.ttf in Resources */ = {isa = PBXBuildFile; fileRef = 93F882192368E13800E042E9 /* Poppins-Regular.ttf */; };
		93F8822C2368E13900E042E9 /* Poppins-ThinItalic.ttf in Resources */ = {isa = PBXBuildFile; fileRef = 93F8821A2368E13800E042E9 /* Poppins-ThinItalic.ttf */; };
		93F8822D2368E13900E042E9 /* Poppins-SemiBoldItalic.ttf in Resources */ = {isa = PBXBuildFile; fileRef = 93F8821B2368E13800E042E9 /* Poppins-SemiBoldItalic.ttf */; };
		93F8822E2368E13900E042E9 /* Poppins-Thin.ttf in Resources */ = {isa = PBXBuildFile; fileRef = 93F8821C2368E13800E042E9 /* Poppins-Thin.ttf */; };
		93F8822F2368E13900E042E9 /* Poppins-Light.ttf in Resources */ = {isa = PBXBuildFile; fileRef = 93F8821D2368E13800E042E9 /* Poppins-Light.ttf */; };
		93F882302368E13900E042E9 /* Poppins-Medium.ttf in Resources */ = {isa = PBXBuildFile; fileRef = 93F8821E2368E13800E042E9 /* Poppins-Medium.ttf */; };
		93F882312368E13900E042E9 /* Poppins-Italic.ttf in Resources */ = {isa = PBXBuildFile; fileRef = 93F8821F2368E13800E042E9 /* Poppins-Italic.ttf */; };
		93F882322368E13900E042E9 /* Poppins-MediumItalic.ttf in Resources */ = {isa = PBXBuildFile; fileRef = 93F882202368E13900E042E9 /* Poppins-MediumItalic.ttf */; };
		93F882332368E13900E042E9 /* Poppins-ExtraLightItalic.ttf in Resources */ = {isa = PBXBuildFile; fileRef = 93F882212368E13900E042E9 /* Poppins-ExtraLightItalic.ttf */; };
		93F882342368E13900E042E9 /* Poppins-LightItalic.ttf in Resources */ = {isa = PBXBuildFile; fileRef = 93F882222368E13900E042E9 /* Poppins-LightItalic.ttf */; };
		93F882352368E13900E042E9 /* Poppins-ExtraBold.ttf in Resources */ = {isa = PBXBuildFile; fileRef = 93F882232368E13900E042E9 /* Poppins-ExtraBold.ttf */; };
		93F882362368E13900E042E9 /* Poppins-BlackItalic.ttf in Resources */ = {isa = PBXBuildFile; fileRef = 93F882242368E13900E042E9 /* Poppins-BlackItalic.ttf */; };
		93F882372368E13900E042E9 /* Poppins-BoldItalic.ttf in Resources */ = {isa = PBXBuildFile; fileRef = 93F882252368E13900E042E9 /* Poppins-BoldItalic.ttf */; };
		93F882382368E13900E042E9 /* Poppins-ExtraLight.ttf in Resources */ = {isa = PBXBuildFile; fileRef = 93F882262368E13900E042E9 /* Poppins-ExtraLight.ttf */; };
		93F8823A2368E3DD00E042E9 /* DesignableUIButton.swift in Sources */ = {isa = PBXBuildFile; fileRef = 93F882392368E3DD00E042E9 /* DesignableUIButton.swift */; };
		93F8823C2368E6E300E042E9 /* UIViewController.swift in Sources */ = {isa = PBXBuildFile; fileRef = 93F8823B2368E6E300E042E9 /* UIViewController.swift */; };
		93F8823E2368ED7200E042E9 /* DesignableUIImage.swift in Sources */ = {isa = PBXBuildFile; fileRef = 93F8823D2368ED7200E042E9 /* DesignableUIImage.swift */; };
		93F882402368F7D300E042E9 /* DesignableUIView.swift in Sources */ = {isa = PBXBuildFile; fileRef = 93F8823F2368F7D300E042E9 /* DesignableUIView.swift */; };
		93F882422368FD1300E042E9 /* DesignableUITextField.swift in Sources */ = {isa = PBXBuildFile; fileRef = 93F882412368FD1300E042E9 /* DesignableUITextField.swift */; };
		93F88245236901BD00E042E9 /* OTPViewController.swift in Sources */ = {isa = PBXBuildFile; fileRef = 93F88244236901BD00E042E9 /* OTPViewController.swift */; };
/* End PBXBuildFile section */

/* Begin PBXFileReference section */
		40CB1D2C7E913FDD6514A8B8 /* Pods-Medec.debug.xcconfig */ = {isa = PBXFileReference; includeInIndex = 1; lastKnownFileType = text.xcconfig; name = "Pods-Medec.debug.xcconfig"; path = "Target Support Files/Pods-Medec/Pods-Medec.debug.xcconfig"; sourceTree = "<group>"; };
		4381A7392796B6E000491D83 /* Pods_Medec.framework */ = {isa = PBXFileReference; explicitFileType = wrapper.framework; includeInIndex = 0; path = Pods_Medec.framework; sourceTree = BUILT_PRODUCTS_DIR; };
		9322212823A03B9B00B72AE7 /* SelectionLocationTableViewCell.swift */ = {isa = PBXFileReference; lastKnownFileType = sourcecode.swift; path = SelectionLocationTableViewCell.swift; sourceTree = "<group>"; };
		9322212C23A05D6500B72AE7 /* Medec.entitlements */ = {isa = PBXFileReference; lastKnownFileType = text.plist.entitlements; path = Medec.entitlements; sourceTree = "<group>"; };
		9322212D23A05EC400B72AE7 /* GoogleService-Info.plist */ = {isa = PBXFileReference; fileEncoding = 4; lastKnownFileType = text.plist.xml; path = "GoogleService-Info.plist"; sourceTree = "<group>"; };
		935337FD239D1F60003463FF /* SelectLocationViewController.swift */ = {isa = PBXFileReference; lastKnownFileType = sourcecode.swift; path = SelectLocationViewController.swift; sourceTree = "<group>"; };
		935337FF239D24ED003463FF /* UIView.swift */ = {isa = PBXFileReference; lastKnownFileType = sourcecode.swift; path = UIView.swift; sourceTree = "<group>"; };
		9359C15A239BCFAC00974DA8 /* OTPEntryConfigurator.swift */ = {isa = PBXFileReference; lastKnownFileType = sourcecode.swift; path = OTPEntryConfigurator.swift; sourceTree = "<group>"; };
		9359C15C239BD89600974DA8 /* OTPEntryRouter.swift */ = {isa = PBXFileReference; lastKnownFileType = sourcecode.swift; path = OTPEntryRouter.swift; sourceTree = "<group>"; };
		9359C15E239BD8D300974DA8 /* OTPEntryPresenter.swift */ = {isa = PBXFileReference; lastKnownFileType = sourcecode.swift; path = OTPEntryPresenter.swift; sourceTree = "<group>"; };
		9359C160239BD90F00974DA8 /* OTPEntryInteractor.swift */ = {isa = PBXFileReference; lastKnownFileType = sourcecode.swift; path = OTPEntryInteractor.swift; sourceTree = "<group>"; };
		9359C163239BDDD600974DA8 /* WalkThroughViewController.swift */ = {isa = PBXFileReference; lastKnownFileType = sourcecode.swift; path = WalkThroughViewController.swift; sourceTree = "<group>"; };
		93711DC6239990500078263D /* OTPEntryViewController.swift */ = {isa = PBXFileReference; lastKnownFileType = sourcecode.swift; path = OTPEntryViewController.swift; sourceTree = "<group>"; };
		93723B66239C3BF1005F310B /* OTPCodeViewController.swift */ = {isa = PBXFileReference; lastKnownFileType = sourcecode.swift; path = OTPCodeViewController.swift; sourceTree = "<group>"; };
		937ABA512399663900B6809A /* Gilroy-Regular.ttf */ = {isa = PBXFileReference; lastKnownFileType = file; path = "Gilroy-Regular.ttf"; sourceTree = "<group>"; };
		937ABA522399663900B6809A /* Gilroy-Light.ttf */ = {isa = PBXFileReference; lastKnownFileType = file; path = "Gilroy-Light.ttf"; sourceTree = "<group>"; };
		937ABA532399663A00B6809A /* Gilroy-Medium.ttf */ = {isa = PBXFileReference; lastKnownFileType = file; path = "Gilroy-Medium.ttf"; sourceTree = "<group>"; };
		937ABA542399663A00B6809A /* Gilroy-Bold.ttf */ = {isa = PBXFileReference; lastKnownFileType = file; path = "Gilroy-Bold.ttf"; sourceTree = "<group>"; };
		937ABA552399663B00B6809A /* Gilroy-Heavy.ttf */ = {isa = PBXFileReference; lastKnownFileType = file; path = "Gilroy-Heavy.ttf"; sourceTree = "<group>"; };
		937ABA5B2399865600B6809A /* OTPConfigurator.swift */ = {isa = PBXFileReference; lastKnownFileType = sourcecode.swift; path = OTPConfigurator.swift; sourceTree = "<group>"; };
		937ABA5D2399873300B6809A /* OTPInteractor.swift */ = {isa = PBXFileReference; lastKnownFileType = sourcecode.swift; path = OTPInteractor.swift; sourceTree = "<group>"; };
		937ABA5F2399878000B6809A /* OTPRouter.swift */ = {isa = PBXFileReference; lastKnownFileType = sourcecode.swift; path = OTPRouter.swift; sourceTree = "<group>"; };
		937ABA61239987E100B6809A /* OTPPresenter.swift */ = {isa = PBXFileReference; lastKnownFileType = sourcecode.swift; path = OTPPresenter.swift; sourceTree = "<group>"; };
		93F881EE2368DC6A00E042E9 /* Medec.app */ = {isa = PBXFileReference; explicitFileType = wrapper.application; includeInIndex = 0; path = Medec.app; sourceTree = BUILT_PRODUCTS_DIR; };
		93F881F12368DC6B00E042E9 /* AppDelegate.swift */ = {isa = PBXFileReference; lastKnownFileType = sourcecode.swift; path = AppDelegate.swift; sourceTree = "<group>"; };
		93F881F32368DC6B00E042E9 /* SceneDelegate.swift */ = {isa = PBXFileReference; lastKnownFileType = sourcecode.swift; path = SceneDelegate.swift; sourceTree = "<group>"; };
		93F881F52368DC6B00E042E9 /* ViewController.swift */ = {isa = PBXFileReference; lastKnownFileType = sourcecode.swift; path = ViewController.swift; sourceTree = "<group>"; };
		93F881F82368DC6B00E042E9 /* Base */ = {isa = PBXFileReference; lastKnownFileType = file.storyboard; name = Base; path = Base.lproj/Main.storyboard; sourceTree = "<group>"; };
		93F881FA2368DC6C00E042E9 /* Assets.xcassets */ = {isa = PBXFileReference; lastKnownFileType = folder.assetcatalog; path = Assets.xcassets; sourceTree = "<group>"; };
		93F881FD2368DC6C00E042E9 /* Base */ = {isa = PBXFileReference; lastKnownFileType = file.storyboard; name = Base; path = Base.lproj/LaunchScreen.storyboard; sourceTree = "<group>"; };
		93F881FF2368DC6C00E042E9 /* Info.plist */ = {isa = PBXFileReference; lastKnownFileType = text.plist.xml; path = Info.plist; sourceTree = "<group>"; };
		93F882052368DCE500E042E9 /* Constants.swift */ = {isa = PBXFileReference; lastKnownFileType = sourcecode.swift; path = Constants.swift; sourceTree = "<group>"; };
		93F882072368DD1600E042E9 /* Storyboard.swift */ = {isa = PBXFileReference; lastKnownFileType = sourcecode.swift; path = Storyboard.swift; sourceTree = "<group>"; };
		93F882152368E13800E042E9 /* Poppins-SemiBold.ttf */ = {isa = PBXFileReference; lastKnownFileType = file; path = "Poppins-SemiBold.ttf"; sourceTree = "<group>"; };
		93F882162368E13800E042E9 /* Poppins-Black.ttf */ = {isa = PBXFileReference; lastKnownFileType = file; path = "Poppins-Black.ttf"; sourceTree = "<group>"; };
		93F882172368E13800E042E9 /* Poppins-ExtraBoldItalic.ttf */ = {isa = PBXFileReference; lastKnownFileType = file; path = "Poppins-ExtraBoldItalic.ttf"; sourceTree = "<group>"; };
		93F882182368E13800E042E9 /* Poppins-Bold.ttf */ = {isa = PBXFileReference; lastKnownFileType = file; path = "Poppins-Bold.ttf"; sourceTree = "<group>"; };
		93F882192368E13800E042E9 /* Poppins-Regular.ttf */ = {isa = PBXFileReference; lastKnownFileType = file; path = "Poppins-Regular.ttf"; sourceTree = "<group>"; };
		93F8821A2368E13800E042E9 /* Poppins-ThinItalic.ttf */ = {isa = PBXFileReference; lastKnownFileType = file; path = "Poppins-ThinItalic.ttf"; sourceTree = "<group>"; };
		93F8821B2368E13800E042E9 /* Poppins-SemiBoldItalic.ttf */ = {isa = PBXFileReference; lastKnownFileType = file; path = "Poppins-SemiBoldItalic.ttf"; sourceTree = "<group>"; };
		93F8821C2368E13800E042E9 /* Poppins-Thin.ttf */ = {isa = PBXFileReference; lastKnownFileType = file; path = "Poppins-Thin.ttf"; sourceTree = "<group>"; };
		93F8821D2368E13800E042E9 /* Poppins-Light.ttf */ = {isa = PBXFileReference; lastKnownFileType = file; path = "Poppins-Light.ttf"; sourceTree = "<group>"; };
		93F8821E2368E13800E042E9 /* Poppins-Medium.ttf */ = {isa = PBXFileReference; lastKnownFileType = file; path = "Poppins-Medium.ttf"; sourceTree = "<group>"; };
		93F8821F2368E13800E042E9 /* Poppins-Italic.ttf */ = {isa = PBXFileReference; lastKnownFileType = file; path = "Poppins-Italic.ttf"; sourceTree = "<group>"; };
		93F882202368E13900E042E9 /* Poppins-MediumItalic.ttf */ = {isa = PBXFileReference; lastKnownFileType = file; path = "Poppins-MediumItalic.ttf"; sourceTree = "<group>"; };
		93F882212368E13900E042E9 /* Poppins-ExtraLightItalic.ttf */ = {isa = PBXFileReference; lastKnownFileType = file; path = "Poppins-ExtraLightItalic.ttf"; sourceTree = "<group>"; };
		93F882222368E13900E042E9 /* Poppins-LightItalic.ttf */ = {isa = PBXFileReference; lastKnownFileType = file; path = "Poppins-LightItalic.ttf"; sourceTree = "<group>"; };
		93F882232368E13900E042E9 /* Poppins-ExtraBold.ttf */ = {isa = PBXFileReference; lastKnownFileType = file; path = "Poppins-ExtraBold.ttf"; sourceTree = "<group>"; };
		93F882242368E13900E042E9 /* Poppins-BlackItalic.ttf */ = {isa = PBXFileReference; lastKnownFileType = file; path = "Poppins-BlackItalic.ttf"; sourceTree = "<group>"; };
		93F882252368E13900E042E9 /* Poppins-BoldItalic.ttf */ = {isa = PBXFileReference; lastKnownFileType = file; path = "Poppins-BoldItalic.ttf"; sourceTree = "<group>"; };
		93F882262368E13900E042E9 /* Poppins-ExtraLight.ttf */ = {isa = PBXFileReference; lastKnownFileType = file; path = "Poppins-ExtraLight.ttf"; sourceTree = "<group>"; };
		93F882392368E3DD00E042E9 /* DesignableUIButton.swift */ = {isa = PBXFileReference; lastKnownFileType = sourcecode.swift; path = DesignableUIButton.swift; sourceTree = "<group>"; };
		93F8823B2368E6E300E042E9 /* UIViewController.swift */ = {isa = PBXFileReference; lastKnownFileType = sourcecode.swift; path = UIViewController.swift; sourceTree = "<group>"; };
		93F8823D2368ED7200E042E9 /* DesignableUIImage.swift */ = {isa = PBXFileReference; lastKnownFileType = sourcecode.swift; path = DesignableUIImage.swift; sourceTree = "<group>"; };
		93F8823F2368F7D300E042E9 /* DesignableUIView.swift */ = {isa = PBXFileReference; lastKnownFileType = sourcecode.swift; path = DesignableUIView.swift; sourceTree = "<group>"; };
		93F882412368FD1300E042E9 /* DesignableUITextField.swift */ = {isa = PBXFileReference; lastKnownFileType = sourcecode.swift; path = DesignableUITextField.swift; sourceTree = "<group>"; };
		93F88244236901BD00E042E9 /* OTPViewController.swift */ = {isa = PBXFileReference; lastKnownFileType = sourcecode.swift; path = OTPViewController.swift; sourceTree = "<group>"; };
		D54D21DC27F313C71C019385 /* Pods-Medec.release.xcconfig */ = {isa = PBXFileReference; includeInIndex = 1; lastKnownFileType = text.xcconfig; name = "Pods-Medec.release.xcconfig"; path = "Target Support Files/Pods-Medec/Pods-Medec.release.xcconfig"; sourceTree = "<group>"; };
/* End PBXFileReference section */

/* Begin PBXFrameworksBuildPhase section */
		93F881EB2368DC6A00E042E9 /* Frameworks */ = {
			isa = PBXFrameworksBuildPhase;
			buildActionMask = 2147483647;
			files = (
				268BAD4BC513443D9A4EB1D6 /* Pods_Medec.framework in Frameworks */,
			);
			runOnlyForDeploymentPostprocessing = 0;
		};
/* End PBXFrameworksBuildPhase section */

/* Begin PBXGroup section */
		605562DA05099B88A8820610 /* Pods */ = {
			isa = PBXGroup;
			children = (
				40CB1D2C7E913FDD6514A8B8 /* Pods-Medec.debug.xcconfig */,
				D54D21DC27F313C71C019385 /* Pods-Medec.release.xcconfig */,
			);
			path = Pods;
			sourceTree = "<group>";
		};
		9322212723A03B7500B72AE7 /* cell */ = {
			isa = PBXGroup;
			children = (
				9322212823A03B9B00B72AE7 /* SelectionLocationTableViewCell.swift */,
			);
			path = cell;
			sourceTree = "<group>";
		};
		935337FC239D1EFC003463FF /* SelectLocation */ = {
			isa = PBXGroup;
			children = (
				9322212723A03B7500B72AE7 /* cell */,
				935337FD239D1F60003463FF /* SelectLocationViewController.swift */,
			);
			path = SelectLocation;
			sourceTree = "<group>";
		};
		9359C162239BDDBF00974DA8 /* WalkThrough */ = {
			isa = PBXGroup;
			children = (
				9359C163239BDDD600974DA8 /* WalkThroughViewController.swift */,
			);
			path = WalkThrough;
			sourceTree = "<group>";
		};
		93723B65239C3B7C005F310B /* OTPCode */ = {
			isa = PBXGroup;
			children = (
				93723B66239C3BF1005F310B /* OTPCodeViewController.swift */,
			);
			path = OTPCode;
			sourceTree = "<group>";
		};
		937ABA4F2399660100B6809A /* Poppins */ = {
			isa = PBXGroup;
			children = (
				93F882162368E13800E042E9 /* Poppins-Black.ttf */,
				93F882242368E13900E042E9 /* Poppins-BlackItalic.ttf */,
				93F882182368E13800E042E9 /* Poppins-Bold.ttf */,
				93F882252368E13900E042E9 /* Poppins-BoldItalic.ttf */,
				93F882232368E13900E042E9 /* Poppins-ExtraBold.ttf */,
				93F882172368E13800E042E9 /* Poppins-ExtraBoldItalic.ttf */,
				93F882262368E13900E042E9 /* Poppins-ExtraLight.ttf */,
				93F882212368E13900E042E9 /* Poppins-ExtraLightItalic.ttf */,
				93F8821F2368E13800E042E9 /* Poppins-Italic.ttf */,
				93F8821D2368E13800E042E9 /* Poppins-Light.ttf */,
				93F882222368E13900E042E9 /* Poppins-LightItalic.ttf */,
				93F8821E2368E13800E042E9 /* Poppins-Medium.ttf */,
				93F882202368E13900E042E9 /* Poppins-MediumItalic.ttf */,
				93F882192368E13800E042E9 /* Poppins-Regular.ttf */,
				93F882152368E13800E042E9 /* Poppins-SemiBold.ttf */,
				93F8821B2368E13800E042E9 /* Poppins-SemiBoldItalic.ttf */,
				93F8821C2368E13800E042E9 /* Poppins-Thin.ttf */,
				93F8821A2368E13800E042E9 /* Poppins-ThinItalic.ttf */,
			);
			path = Poppins;
			sourceTree = "<group>";
		};
		937ABA502399661B00B6809A /* Glroy */ = {
			isa = PBXGroup;
			children = (
				937ABA542399663A00B6809A /* Gilroy-Bold.ttf */,
				937ABA552399663B00B6809A /* Gilroy-Heavy.ttf */,
				937ABA522399663900B6809A /* Gilroy-Light.ttf */,
				937ABA532399663A00B6809A /* Gilroy-Medium.ttf */,
				937ABA512399663900B6809A /* Gilroy-Regular.ttf */,
			);
			path = Glroy;
			sourceTree = "<group>";
		};
		937ABA6323998BD500B6809A /* OTPEntry */ = {
			isa = PBXGroup;
			children = (
				9359C15A239BCFAC00974DA8 /* OTPEntryConfigurator.swift */,
				9359C160239BD90F00974DA8 /* OTPEntryInteractor.swift */,
				9359C15E239BD8D300974DA8 /* OTPEntryPresenter.swift */,
				9359C15C239BD89600974DA8 /* OTPEntryRouter.swift */,
				93711DC6239990500078263D /* OTPEntryViewController.swift */,
			);
			path = OTPEntry;
			sourceTree = "<group>";
		};
		93F881E52368DC6A00E042E9 = {
			isa = PBXGroup;
			children = (
				93F881F02368DC6A00E042E9 /* Medec */,
				93F881EF2368DC6A00E042E9 /* Products */,
				605562DA05099B88A8820610 /* Pods */,
				CA4C5C21BD6362A7DB40C2E2 /* Frameworks */,
			);
			sourceTree = "<group>";
		};
		93F881EF2368DC6A00E042E9 /* Products */ = {
			isa = PBXGroup;
			children = (
				93F881EE2368DC6A00E042E9 /* Medec.app */,
			);
			name = Products;
			sourceTree = "<group>";
		};
		93F881F02368DC6A00E042E9 /* Medec */ = {
			isa = PBXGroup;
			children = (
				9322212C23A05D6500B72AE7 /* Medec.entitlements */,
				93F882092368DD1F00E042E9 /* Core */,
				93F8820A2368DD3500E042E9 /* Libraries */,
				93F8820F2368DD6A00E042E9 /* Models */,
				93F882102368DD7B00E042E9 /* Protocols */,
				93F882112368DD8600E042E9 /* Resources */,
				93F882122368DD9500E042E9 /* Scene */,
				93F882132368DD9E00E042E9 /* Storyboard */,
				93F882142368DDAA00E042E9 /* Services */,
				93F881F52368DC6B00E042E9 /* ViewController.swift */,
				93F881FF2368DC6C00E042E9 /* Info.plist */,
				9322212D23A05EC400B72AE7 /* GoogleService-Info.plist */,
			);
			path = Medec;
			sourceTree = "<group>";
		};
		93F882092368DD1F00E042E9 /* Core */ = {
			isa = PBXGroup;
			children = (
				93F881F12368DC6B00E042E9 /* AppDelegate.swift */,
				93F881F32368DC6B00E042E9 /* SceneDelegate.swift */,
				93F882052368DCE500E042E9 /* Constants.swift */,
				93F882072368DD1600E042E9 /* Storyboard.swift */,
			);
			path = Core;
			sourceTree = "<group>";
		};
		93F8820A2368DD3500E042E9 /* Libraries */ = {
			isa = PBXGroup;
			children = (
				93F8820E2368DD5D00E042E9 /* IBDesignables */,
				93F8820D2368DD5600E042E9 /* Fonts */,
				93F8820C2368DD4B00E042E9 /* Extensions */,
				93F8820B2368DD4200E042E9 /* Enums */,
			);
			path = Libraries;
			sourceTree = "<group>";
		};
		93F8820B2368DD4200E042E9 /* Enums */ = {
			isa = PBXGroup;
			children = (
			);
			path = Enums;
			sourceTree = "<group>";
		};
		93F8820C2368DD4B00E042E9 /* Extensions */ = {
			isa = PBXGroup;
			children = (
				93F8823B2368E6E300E042E9 /* UIViewController.swift */,
				935337FF239D24ED003463FF /* UIView.swift */,
			);
			path = Extensions;
			sourceTree = "<group>";
		};
		93F8820D2368DD5600E042E9 /* Fonts */ = {
			isa = PBXGroup;
			children = (
				937ABA4F2399660100B6809A /* Poppins */,
				937ABA502399661B00B6809A /* Glroy */,
			);
			path = Fonts;
			sourceTree = "<group>";
		};
		93F8820E2368DD5D00E042E9 /* IBDesignables */ = {
			isa = PBXGroup;
			children = (
				93F882392368E3DD00E042E9 /* DesignableUIButton.swift */,
				93F8823D2368ED7200E042E9 /* DesignableUIImage.swift */,
				93F8823F2368F7D300E042E9 /* DesignableUIView.swift */,
				93F882412368FD1300E042E9 /* DesignableUITextField.swift */,
			);
			path = IBDesignables;
			sourceTree = "<group>";
		};
		93F8820F2368DD6A00E042E9 /* Models */ = {
			isa = PBXGroup;
			children = (
			);
			path = Models;
			sourceTree = "<group>";
		};
		93F882102368DD7B00E042E9 /* Protocols */ = {
			isa = PBXGroup;
			children = (
			);
			path = Protocols;
			sourceTree = "<group>";
		};
		93F882112368DD8600E042E9 /* Resources */ = {
			isa = PBXGroup;
			children = (
				93F881FA2368DC6C00E042E9 /* Assets.xcassets */,
			);
			path = Resources;
			sourceTree = "<group>";
		};
		93F882122368DD9500E042E9 /* Scene */ = {
			isa = PBXGroup;
			children = (
				935337FC239D1EFC003463FF /* SelectLocation */,
				93723B65239C3B7C005F310B /* OTPCode */,
				937ABA6323998BD500B6809A /* OTPEntry */,
				93F88243236901AA00E042E9 /* OTP */,
				9359C162239BDDBF00974DA8 /* WalkThrough */,
			);
			path = Scene;
			sourceTree = "<group>";
		};
		93F882132368DD9E00E042E9 /* Storyboard */ = {
			isa = PBXGroup;
			children = (
				93F881FC2368DC6C00E042E9 /* LaunchScreen.storyboard */,
				93F881F72368DC6B00E042E9 /* Main.storyboard */,
			);
			path = Storyboard;
			sourceTree = "<group>";
		};
		93F882142368DDAA00E042E9 /* Services */ = {
			isa = PBXGroup;
			children = (
			);
			path = Services;
			sourceTree = "<group>";
		};
		93F88243236901AA00E042E9 /* OTP */ = {
			isa = PBXGroup;
			children = (
				937ABA5B2399865600B6809A /* OTPConfigurator.swift */,
				937ABA5D2399873300B6809A /* OTPInteractor.swift */,
				937ABA61239987E100B6809A /* OTPPresenter.swift */,
				937ABA5F2399878000B6809A /* OTPRouter.swift */,
				93F88244236901BD00E042E9 /* OTPViewController.swift */,
			);
			path = OTP;
			sourceTree = "<group>";
		};
		CA4C5C21BD6362A7DB40C2E2 /* Frameworks */ = {
			isa = PBXGroup;
			children = (
				4381A7392796B6E000491D83 /* Pods_Medec.framework */,
			);
			name = Frameworks;
			sourceTree = "<group>";
		};
/* End PBXGroup section */

/* Begin PBXNativeTarget section */
		93F881ED2368DC6A00E042E9 /* Medec */ = {
			isa = PBXNativeTarget;
			buildConfigurationList = 93F882022368DC6C00E042E9 /* Build configuration list for PBXNativeTarget "Medec" */;
			buildPhases = (
				A18449554A64099FD51D4CEB /* [CP] Check Pods Manifest.lock */,
				93F881EA2368DC6A00E042E9 /* Sources */,
				93F881EB2368DC6A00E042E9 /* Frameworks */,
				93F881EC2368DC6A00E042E9 /* Resources */,
				912CC36909E3EA9559459C0C /* [CP] Embed Pods Frameworks */,
			);
			buildRules = (
			);
			dependencies = (
			);
			name = Medec;
			productName = Medec;
			productReference = 93F881EE2368DC6A00E042E9 /* Medec.app */;
			productType = "com.apple.product-type.application";
		};
/* End PBXNativeTarget section */

/* Begin PBXProject section */
		93F881E62368DC6A00E042E9 /* Project object */ = {
			isa = PBXProject;
			attributes = {
				LastSwiftUpdateCheck = 1100;
				LastUpgradeCheck = 1100;
				ORGANIZATIONNAME = Yabbb;
				TargetAttributes = {
					93F881ED2368DC6A00E042E9 = {
						CreatedOnToolsVersion = 11.0;
					};
				};
			};
			buildConfigurationList = 93F881E92368DC6A00E042E9 /* Build configuration list for PBXProject "Medec" */;
			compatibilityVersion = "Xcode 9.3";
			developmentRegion = en;
			hasScannedForEncodings = 0;
			knownRegions = (
				en,
				Base,
			);
			mainGroup = 93F881E52368DC6A00E042E9;
			productRefGroup = 93F881EF2368DC6A00E042E9 /* Products */;
			projectDirPath = "";
			projectRoot = "";
			targets = (
				93F881ED2368DC6A00E042E9 /* Medec */,
			);
		};
/* End PBXProject section */

/* Begin PBXResourcesBuildPhase section */
		93F881EC2368DC6A00E042E9 /* Resources */ = {
			isa = PBXResourcesBuildPhase;
			buildActionMask = 2147483647;
			files = (
				93F882342368E13900E042E9 /* Poppins-LightItalic.ttf in Resources */,
				937ABA582399663B00B6809A /* Gilroy-Medium.ttf in Resources */,
				93F882332368E13900E042E9 /* Poppins-ExtraLightItalic.ttf in Resources */,
				93F882292368E13900E042E9 /* Poppins-ExtraBoldItalic.ttf in Resources */,
				93F881FE2368DC6C00E042E9 /* LaunchScreen.storyboard in Resources */,
				93F882312368E13900E042E9 /* Poppins-Italic.ttf in Resources */,
				93F8822A2368E13900E042E9 /* Poppins-Bold.ttf in Resources */,
				937ABA572399663B00B6809A /* Gilroy-Light.ttf in Resources */,
				937ABA5A2399663B00B6809A /* Gilroy-Heavy.ttf in Resources */,
				93F882382368E13900E042E9 /* Poppins-ExtraLight.ttf in Resources */,
				93F882322368E13900E042E9 /* Poppins-MediumItalic.ttf in Resources */,
				9322212E23A05EC400B72AE7 /* GoogleService-Info.plist in Resources */,
				93F882302368E13900E042E9 /* Poppins-Medium.ttf in Resources */,
				93F882272368E13900E042E9 /* Poppins-SemiBold.ttf in Resources */,
				93F881FB2368DC6C00E042E9 /* Assets.xcassets in Resources */,
				937ABA562399663B00B6809A /* Gilroy-Regular.ttf in Resources */,
				93F882352368E13900E042E9 /* Poppins-ExtraBold.ttf in Resources */,
				93F8822D2368E13900E042E9 /* Poppins-SemiBoldItalic.ttf in Resources */,
				93F881F92368DC6B00E042E9 /* Main.storyboard in Resources */,
				93F8822F2368E13900E042E9 /* Poppins-Light.ttf in Resources */,
				93F8822C2368E13900E042E9 /* Poppins-ThinItalic.ttf in Resources */,
				93F882282368E13900E042E9 /* Poppins-Black.ttf in Resources */,
				93F882362368E13900E042E9 /* Poppins-BlackItalic.ttf in Resources */,
				93F8822E2368E13900E042E9 /* Poppins-Thin.ttf in Resources */,
				937ABA592399663B00B6809A /* Gilroy-Bold.ttf in Resources */,
				93F8822B2368E13900E042E9 /* Poppins-Regular.ttf in Resources */,
				93F882372368E13900E042E9 /* Poppins-BoldItalic.ttf in Resources */,
			);
			runOnlyForDeploymentPostprocessing = 0;
		};
/* End PBXResourcesBuildPhase section */

/* Begin PBXShellScriptBuildPhase section */
		912CC36909E3EA9559459C0C /* [CP] Embed Pods Frameworks */ = {
			isa = PBXShellScriptBuildPhase;
			buildActionMask = 2147483647;
			files = (
			);
			inputFileListPaths = (
				"${PODS_ROOT}/Target Support Files/Pods-Medec/Pods-Medec-frameworks-${CONFIGURATION}-input-files.xcfilelist",
			);
			name = "[CP] Embed Pods Frameworks";
			outputFileListPaths = (
				"${PODS_ROOT}/Target Support Files/Pods-Medec/Pods-Medec-frameworks-${CONFIGURATION}-output-files.xcfilelist",
			);
			runOnlyForDeploymentPostprocessing = 0;
			shellPath = /bin/sh;
			shellScript = "\"${PODS_ROOT}/Target Support Files/Pods-Medec/Pods-Medec-frameworks.sh\"\n";
			showEnvVarsInLog = 0;
		};
		A18449554A64099FD51D4CEB /* [CP] Check Pods Manifest.lock */ = {
			isa = PBXShellScriptBuildPhase;
			buildActionMask = 2147483647;
			files = (
			);
			inputFileListPaths = (
			);
			inputPaths = (
				"${PODS_PODFILE_DIR_PATH}/Podfile.lock",
				"${PODS_ROOT}/Manifest.lock",
			);
			name = "[CP] Check Pods Manifest.lock";
			outputFileListPaths = (
			);
			outputPaths = (
				"$(DERIVED_FILE_DIR)/Pods-Medec-checkManifestLockResult.txt",
			);
			runOnlyForDeploymentPostprocessing = 0;
			shellPath = /bin/sh;
			shellScript = "diff \"${PODS_PODFILE_DIR_PATH}/Podfile.lock\" \"${PODS_ROOT}/Manifest.lock\" > /dev/null\nif [ $? != 0 ] ; then\n    # print error to STDERR\n    echo \"error: The sandbox is not in sync with the Podfile.lock. Run 'pod install' or update your CocoaPods installation.\" >&2\n    exit 1\nfi\n# This output is used by Xcode 'outputs' to avoid re-running this script phase.\necho \"SUCCESS\" > \"${SCRIPT_OUTPUT_FILE_0}\"\n";
			showEnvVarsInLog = 0;
		};
/* End PBXShellScriptBuildPhase section */

/* Begin PBXSourcesBuildPhase section */
		93F881EA2368DC6A00E042E9 /* Sources */ = {
			isa = PBXSourcesBuildPhase;
			buildActionMask = 2147483647;
			files = (
				937ABA5E2399873300B6809A /* OTPInteractor.swift in Sources */,
				93F8823C2368E6E300E042E9 /* UIViewController.swift in Sources */,
				9359C15D239BD89600974DA8 /* OTPEntryRouter.swift in Sources */,
				93F8823E2368ED7200E042E9 /* DesignableUIImage.swift in Sources */,
				93F881F62368DC6B00E042E9 /* ViewController.swift in Sources */,
				93F882402368F7D300E042E9 /* DesignableUIView.swift in Sources */,
				93F8823A2368E3DD00E042E9 /* DesignableUIButton.swift in Sources */,
				93F882422368FD1300E042E9 /* DesignableUITextField.swift in Sources */,
				9359C161239BD90F00974DA8 /* OTPEntryInteractor.swift in Sources */,
				9359C15F239BD8D300974DA8 /* OTPEntryPresenter.swift in Sources */,
				93F88245236901BD00E042E9 /* OTPViewController.swift in Sources */,
				93F882082368DD1600E042E9 /* Storyboard.swift in Sources */,
				935337FE239D1F60003463FF /* SelectLocationViewController.swift in Sources */,
				9359C164239BDDD600974DA8 /* WalkThroughViewController.swift in Sources */,
				93F881F22368DC6B00E042E9 /* AppDelegate.swift in Sources */,
				93F881F42368DC6B00E042E9 /* SceneDelegate.swift in Sources */,
				93533800239D24ED003463FF /* UIView.swift in Sources */,
				93711DC7239990500078263D /* OTPEntryViewController.swift in Sources */,
				9322212923A03B9B00B72AE7 /* SelectionLocationTableViewCell.swift in Sources */,
				937ABA62239987E100B6809A /* OTPPresenter.swift in Sources */,
				93723B67239C3BF1005F310B /* OTPCodeViewController.swift in Sources */,
				937ABA5C2399865600B6809A /* OTPConfigurator.swift in Sources */,
				937ABA602399878000B6809A /* OTPRouter.swift in Sources */,
				9359C15B239BCFAC00974DA8 /* OTPEntryConfigurator.swift in Sources */,
				93F882062368DCE500E042E9 /* Constants.swift in Sources */,
			);
			runOnlyForDeploymentPostprocessing = 0;
		};
/* End PBXSourcesBuildPhase section */

/* Begin PBXVariantGroup section */
		93F881F72368DC6B00E042E9 /* Main.storyboard */ = {
			isa = PBXVariantGroup;
			children = (
				93F881F82368DC6B00E042E9 /* Base */,
			);
			name = Main.storyboard;
			sourceTree = "<group>";
		};
		93F881FC2368DC6C00E042E9 /* LaunchScreen.storyboard */ = {
			isa = PBXVariantGroup;
			children = (
				93F881FD2368DC6C00E042E9 /* Base */,
			);
			name = LaunchScreen.storyboard;
			sourceTree = "<group>";
		};
/* End PBXVariantGroup section */

/* Begin XCBuildConfiguration section */
		93F882002368DC6C00E042E9 /* Debug */ = {
			isa = XCBuildConfiguration;
			buildSettings = {
				ALWAYS_SEARCH_USER_PATHS = NO;
				CLANG_ANALYZER_NONNULL = YES;
				CLANG_ANALYZER_NUMBER_OBJECT_CONVERSION = YES_AGGRESSIVE;
				CLANG_CXX_LANGUAGE_STANDARD = "gnu++14";
				CLANG_CXX_LIBRARY = "libc++";
				CLANG_ENABLE_MODULES = YES;
				CLANG_ENABLE_OBJC_ARC = YES;
				CLANG_ENABLE_OBJC_WEAK = YES;
				CLANG_WARN_BLOCK_CAPTURE_AUTORELEASING = YES;
				CLANG_WARN_BOOL_CONVERSION = YES;
				CLANG_WARN_COMMA = YES;
				CLANG_WARN_CONSTANT_CONVERSION = YES;
				CLANG_WARN_DEPRECATED_OBJC_IMPLEMENTATIONS = YES;
				CLANG_WARN_DIRECT_OBJC_ISA_USAGE = YES_ERROR;
				CLANG_WARN_DOCUMENTATION_COMMENTS = YES;
				CLANG_WARN_EMPTY_BODY = YES;
				CLANG_WARN_ENUM_CONVERSION = YES;
				CLANG_WARN_INFINITE_RECURSION = YES;
				CLANG_WARN_INT_CONVERSION = YES;
				CLANG_WARN_NON_LITERAL_NULL_CONVERSION = YES;
				CLANG_WARN_OBJC_IMPLICIT_RETAIN_SELF = YES;
				CLANG_WARN_OBJC_LITERAL_CONVERSION = YES;
				CLANG_WARN_OBJC_ROOT_CLASS = YES_ERROR;
				CLANG_WARN_RANGE_LOOP_ANALYSIS = YES;
				CLANG_WARN_STRICT_PROTOTYPES = YES;
				CLANG_WARN_SUSPICIOUS_MOVE = YES;
				CLANG_WARN_UNGUARDED_AVAILABILITY = YES_AGGRESSIVE;
				CLANG_WARN_UNREACHABLE_CODE = YES;
				CLANG_WARN__DUPLICATE_METHOD_MATCH = YES;
				COPY_PHASE_STRIP = NO;
				DEBUG_INFORMATION_FORMAT = dwarf;
				ENABLE_STRICT_OBJC_MSGSEND = YES;
				ENABLE_TESTABILITY = YES;
				GCC_C_LANGUAGE_STANDARD = gnu11;
				GCC_DYNAMIC_NO_PIC = NO;
				GCC_NO_COMMON_BLOCKS = YES;
				GCC_OPTIMIZATION_LEVEL = 0;
				GCC_PREPROCESSOR_DEFINITIONS = (
					"DEBUG=1",
					"$(inherited)",
				);
				GCC_WARN_64_TO_32_BIT_CONVERSION = YES;
				GCC_WARN_ABOUT_RETURN_TYPE = YES_ERROR;
				GCC_WARN_UNDECLARED_SELECTOR = YES;
				GCC_WARN_UNINITIALIZED_AUTOS = YES_AGGRESSIVE;
				GCC_WARN_UNUSED_FUNCTION = YES;
				GCC_WARN_UNUSED_VARIABLE = YES;
				IPHONEOS_DEPLOYMENT_TARGET = 13.0;
				MTL_ENABLE_DEBUG_INFO = INCLUDE_SOURCE;
				MTL_FAST_MATH = YES;
				ONLY_ACTIVE_ARCH = YES;
				SDKROOT = iphoneos;
				SWIFT_ACTIVE_COMPILATION_CONDITIONS = DEBUG;
				SWIFT_OPTIMIZATION_LEVEL = "-Onone";
			};
			name = Debug;
		};
		93F882012368DC6C00E042E9 /* Release */ = {
			isa = XCBuildConfiguration;
			buildSettings = {
				ALWAYS_SEARCH_USER_PATHS = NO;
				CLANG_ANALYZER_NONNULL = YES;
				CLANG_ANALYZER_NUMBER_OBJECT_CONVERSION = YES_AGGRESSIVE;
				CLANG_CXX_LANGUAGE_STANDARD = "gnu++14";
				CLANG_CXX_LIBRARY = "libc++";
				CLANG_ENABLE_MODULES = YES;
				CLANG_ENABLE_OBJC_ARC = YES;
				CLANG_ENABLE_OBJC_WEAK = YES;
				CLANG_WARN_BLOCK_CAPTURE_AUTORELEASING = YES;
				CLANG_WARN_BOOL_CONVERSION = YES;
				CLANG_WARN_COMMA = YES;
				CLANG_WARN_CONSTANT_CONVERSION = YES;
				CLANG_WARN_DEPRECATED_OBJC_IMPLEMENTATIONS = YES;
				CLANG_WARN_DIRECT_OBJC_ISA_USAGE = YES_ERROR;
				CLANG_WARN_DOCUMENTATION_COMMENTS = YES;
				CLANG_WARN_EMPTY_BODY = YES;
				CLANG_WARN_ENUM_CONVERSION = YES;
				CLANG_WARN_INFINITE_RECURSION = YES;
				CLANG_WARN_INT_CONVERSION = YES;
				CLANG_WARN_NON_LITERAL_NULL_CONVERSION = YES;
				CLANG_WARN_OBJC_IMPLICIT_RETAIN_SELF = YES;
				CLANG_WARN_OBJC_LITERAL_CONVERSION = YES;
				CLANG_WARN_OBJC_ROOT_CLASS = YES_ERROR;
				CLANG_WARN_RANGE_LOOP_ANALYSIS = YES;
				CLANG_WARN_STRICT_PROTOTYPES = YES;
				CLANG_WARN_SUSPICIOUS_MOVE = YES;
				CLANG_WARN_UNGUARDED_AVAILABILITY = YES_AGGRESSIVE;
				CLANG_WARN_UNREACHABLE_CODE = YES;
				CLANG_WARN__DUPLICATE_METHOD_MATCH = YES;
				COPY_PHASE_STRIP = NO;
				DEBUG_INFORMATION_FORMAT = "dwarf-with-dsym";
				ENABLE_NS_ASSERTIONS = NO;
				ENABLE_STRICT_OBJC_MSGSEND = YES;
				GCC_C_LANGUAGE_STANDARD = gnu11;
				GCC_NO_COMMON_BLOCKS = YES;
				GCC_WARN_64_TO_32_BIT_CONVERSION = YES;
				GCC_WARN_ABOUT_RETURN_TYPE = YES_ERROR;
				GCC_WARN_UNDECLARED_SELECTOR = YES;
				GCC_WARN_UNINITIALIZED_AUTOS = YES_AGGRESSIVE;
				GCC_WARN_UNUSED_FUNCTION = YES;
				GCC_WARN_UNUSED_VARIABLE = YES;
				IPHONEOS_DEPLOYMENT_TARGET = 13.0;
				MTL_ENABLE_DEBUG_INFO = NO;
				MTL_FAST_MATH = YES;
				SDKROOT = iphoneos;
				SWIFT_COMPILATION_MODE = wholemodule;
				SWIFT_OPTIMIZATION_LEVEL = "-O";
				VALIDATE_PRODUCT = YES;
			};
			name = Release;
		};
		93F882032368DC6C00E042E9 /* Debug */ = {
			isa = XCBuildConfiguration;
			baseConfigurationReference = 40CB1D2C7E913FDD6514A8B8 /* Pods-Medec.debug.xcconfig */;
			buildSettings = {
				ASSETCATALOG_COMPILER_APPICON_NAME = AppIcon;
				CODE_SIGN_ENTITLEMENTS = Medec/Medec.entitlements;
				CODE_SIGN_STYLE = Automatic;
				DEVELOPMENT_TEAM = W82U8U2488;
				INFOPLIST_FILE = Medec/Info.plist;
				LD_RUNPATH_SEARCH_PATHS = (
					"$(inherited)",
					"@executable_path/Frameworks",
				);
				PRODUCT_BUNDLE_IDENTIFIER = com.yeab13.Medec;
				PRODUCT_NAME = "$(TARGET_NAME)";
				SWIFT_VERSION = 5.0;
				TARGETED_DEVICE_FAMILY = 1;
			};
			name = Debug;
		};
		93F882042368DC6C00E042E9 /* Release */ = {
			isa = XCBuildConfiguration;
			baseConfigurationReference = D54D21DC27F313C71C019385 /* Pods-Medec.release.xcconfig */;
			buildSettings = {
				ASSETCATALOG_COMPILER_APPICON_NAME = AppIcon;
				CODE_SIGN_ENTITLEMENTS = Medec/Medec.entitlements;
				CODE_SIGN_STYLE = Automatic;
				DEVELOPMENT_TEAM = W82U8U2488;
				INFOPLIST_FILE = Medec/Info.plist;
				LD_RUNPATH_SEARCH_PATHS = (
					"$(inherited)",
					"@executable_path/Frameworks",
				);
				PRODUCT_BUNDLE_IDENTIFIER = com.yeab13.Medec;
				PRODUCT_NAME = "$(TARGET_NAME)";
				SWIFT_VERSION = 5.0;
				TARGETED_DEVICE_FAMILY = 1;
			};
			name = Release;
		};
/* End XCBuildConfiguration section */

/* Begin XCConfigurationList section */
		93F881E92368DC6A00E042E9 /* Build configuration list for PBXProject "Medec" */ = {
			isa = XCConfigurationList;
			buildConfigurations = (
				93F882002368DC6C00E042E9 /* Debug */,
				93F882012368DC6C00E042E9 /* Release */,
			);
			defaultConfigurationIsVisible = 0;
			defaultConfigurationName = Release;
		};
		93F882022368DC6C00E042E9 /* Build configuration list for PBXNativeTarget "Medec" */ = {
			isa = XCConfigurationList;
			buildConfigurations = (
				93F882032368DC6C00E042E9 /* Debug */,
				93F882042368DC6C00E042E9 /* Release */,
			);
			defaultConfigurationIsVisible = 0;
			defaultConfigurationName = Release;
		};
/* End XCConfigurationList section */
	};
	rootObject = 93F881E62368DC6A00E042E9 /* Project object */;
}
